{
  "version": "5",
  "specifiers": {
    "jsr:@david/code-block-writer@^13.0.3": "13.0.3",
    "jsr:@deno/dnt@0.42.3": "0.42.3",
    "jsr:@std/assert@1.0.19": "1.0.19",
    "jsr:@std/assert@^1.0.19": "1.0.19",
    "jsr:@std/async@^1.4.0": "1.5.1",
    "jsr:@std/data-structures@^1.1.0": "1.1.3",
    "jsr:@std/encoding@1.0.11": "1.0.11",
    "jsr:@std/fmt@1": "1.0.10",
    "jsr:@std/fs@1": "1.0.24",
    "jsr:@std/fs@^1.0.24": "1.0.24",
    "jsr:@std/internal@^1.0.12": "1.0.14",
    "jsr:@std/internal@^1.0.14": "1.0.14",
    "jsr:@std/path@1": "1.1.6",
    "jsr:@std/path@^1.1.5": "1.1.6",
    "jsr:@std/testing@1.0.19": "1.0.19",
    "jsr:@ts-morph/bootstrap@0.27": "0.27.0",
    "jsr:@ts-morph/common@0.27": "0.27.0",
    "jsr:@valibot/valibot@1.4.1": "1.4.1",
    "npm:@stellar/stellar-sdk@17": "17.2.1",
    "npm:wretch@3.0.8": "3.0.8"
  },
  "jsr": {
    "@david/code-block-writer@13.0.3": {
      "integrity": "f98c77d320f5957899a61bfb7a9bead7c6d83ad1515daee92dbacc861e13bb7f"
    },
    "@deno/dnt@0.42.3": {
      "integrity": "62a917a0492f3c8af002dce90605bb0d41f7d29debc06aca40dba72ab65d8ae3",
      "dependencies": [
        "jsr:@david/code-block-writer",
        "jsr:@std/fmt",
        "jsr:@std/fs@1",
        "jsr:@std/path@1",
        "jsr:@ts-morph/bootstrap"
      ]
    },
    "@std/assert@1.0.19": {
      "integrity": "eaada96ee120cb980bc47e040f82814d786fe8162ecc53c91d8df60b8755991e",
      "dependencies": [
        "jsr:@std/internal@^1.0.12"
      ]
    },
    "@std/async@1.5.1": {
      "integrity": "c82455dc70cab29a0adf3ac8075db934785bffdd3902af5afcf25d21a74cfd86"
    },
    "@std/data-structures@1.1.3": {
      "integrity": "a5ec67199e79ee5b29123474d93fa9a47701ec08a4ef3bd1b623a36476306c5b"
    },
    "@std/encoding@1.0.11": {
      "integrity": "e7cef2f0b3153bccc17431e7c864a1de03a4b6d9647389c43e08aaa775d37385"
    },
    "@std/fmt@1.0.10": {
      "integrity": "90dfba288802ac6de82fb31d0917eb9e4450b9925b954d5e51fc29ac07419db5"
    },
    "@std/fs@1.0.24": {
      "integrity": "f3061b45b81673a2bece689da041df32d174be064c89eb6397fb5718d3fb7877",
      "dependencies": [
        "jsr:@std/internal@^1.0.14",
        "jsr:@std/path@^1.1.5"
      ]
    },
    "@std/internal@1.0.14": {
      "integrity": "291516b3d4c35024d6ffbc0a9df5bf4c64116e05b50012cf846710152d2ffdf7"
    },
    "@std/path@1.1.6": {
      "integrity": "c68485c2a4dfbb5ae3cc74fae4e8c4e5d874cf8a8ed12927917235c758b46cbe",
      "dependencies": [
        "jsr:@std/internal@^1.0.14"
      ]
    },
    "@std/testing@1.0.19": {
      "integrity": "f4236172365b216728dc3cc8b5e80a9f4c33083d1e4ede7613d5b25b4014898e",
      "dependencies": [
        "jsr:@std/assert@^1.0.19",
        "jsr:@std/async",
        "jsr:@std/data-structures",
        "jsr:@std/fs@^1.0.24",
        "jsr:@std/internal@^1.0.14",
        "jsr:@std/path@^1.1.5"
      ]
    },
    "@ts-morph/bootstrap@0.27.0": {
      "integrity": "b8d7bc8f7942ce853dde4161b28f9aa96769cef3d8eebafb379a81800b9e2448",
      "dependencies": [
        "jsr:@ts-morph/common"
      ]
    },
    "@ts-morph/common@0.27.0": {
      "integrity": "c7b73592d78ce8479b356fd4f3d6ec3c460d77753a8680ff196effea7a939052",
      "dependencies": [
        "jsr:@std/fs@1",
        "jsr:@std/path@1"
      ]
    },
    "@valibot/valibot@1.4.1": {
      "integrity": "9be12a3f73f3fd00fa44ae189bc1bb3ab4d9088ec2e32a6ab370ae4fca29ee6e"
    }
  },
  "npm": {
    "@exodus/bytes@1.16.0_@noble+hashes@2.4.0": {
      "integrity": "sha512-IcpW84uEn3N7ETtNZMlxKhfl6Pec8rUNGOTBtWbK1FKhJxIFAptZyVrvVRVBimAJxJCgc3PxepxkdWWG4DVzfA==",
      "dependencies": [
        "@noble/hashes"
      ],
      "optionalPeers": [
        "@noble/hashes"
      ]
    },
    "@noble/ed25519@3.2.0": {
      "integrity": "sha512-criDgRlnUA09hchYrTy/JUWPIEap5rZxQe6wDWzRx51oWWpDRcUpuNzlgPxDJaOK6AsW9c0wKcj3rKRv6t+bPQ=="
    },
    "@noble/hashes@2.4.0": {
      "integrity": "sha512-X5XaVWZIBCT7HHZGm5I7ZQXDwLG+bGXuSrMQAW+7Zvl87h1kmc1ZB1VSRJcpUfoUrGQp4Fkoxm5kZ+Ms+aW+eA=="
    },
    "@stellar/js-xdr@5.0.0": {
      "integrity": "sha512-HBDNKnxr+ecdaEmbZ0mcKkirOF8tXXEbWSw34P3wT40Tn3g+u+cCH17xAWZymzscq8cojHB8340pR8QNVaD32w=="
    },
    "@stellar/stellar-sdk@17.2.1": {
      "integrity": "sha512-kIyfnZ2zCOqV8SUJcsk9buBOvhH1wsLU7KAzqAJyY7AgmD+KdvLTMpI1gcYdhGSakuDG5s6xSO4EN9HZTxpm8g==",
      "dependencies": [
        "@exodus/bytes",
        "@noble/ed25519",
        "@noble/hashes",
        "@stellar/js-xdr",
        "@types/json-schema",
        "axios",
        "bignumber.js",
        "commander",
        "eventsource",
        "feaxios",
        "smol-toml",
        "uint8array-extras"
      ],
      "bin": true
    },
    "@types/json-schema@7.0.15": {
      "integrity": "sha512-5+fP8P8MFNC+AyZCDxrB2pkZFPGzqQWUzpSeuuVLvm8VMcorNYavBqoFcxK8bQz4Qsbn4oUEEem4wDLfcysGHA=="
    },
    "agent-base@6.0.2": {
      "integrity": "sha512-RZNwNclF7+MS/8bDg70amg32dyeZGZxiDuQmZxKLAlQjr3jGyLx+4Kkk58UO7D2QdgFIQCovuSuZESne6RG6XQ==",
      "dependencies": [
        "debug"
      ]
    },
    "asynckit@0.4.0": {
      "integrity": "sha512-Oei9OH4tRh0YqU3GxhX79dM/mwVgvbZJaSNaRk+bshkj0S5cfHcgYakreBjrHwatXKbz+IoIdYLxrKim2MjW0Q=="
    },
    "axios@1.20.0": {
      "integrity": "sha512-r8aOh8j9cGKpgQAqpzrUHnSIc6a59Y3Xf/cv8sy1DrHCkZHzQGEuoq1tARk6qSyDdtQGSDgpb9kFlruzPvrgwg==",
      "dependencies": [
        "follow-redirects",
        "form-data",
        "https-proxy-agent",
        "proxy-from-env"
      ]
    },
    "bignumber.js@11.1.5": {
      "integrity": "sha512-6WmzCNtUnfKpbozq+hOgWaZMMzORmYBwF1xZScyoIX3QRYWeKTtxxwDOW5tIz7C9BdjkIYHGTcelCLkXg0mndw=="
    },
    "call-bind-apply-helpers@1.0.2": {
      "integrity": "sha512-Sp1ablJ0ivDkSzjcaJdxEunN5/XvksFJ2sMBFfq6x0ryhQV/2b/KwFe21cMpmHtPOSij8K99/wSfoEuTObmuMQ==",
      "dependencies": [
        "es-errors",
        "function-bind"
      ]
    },
    "combined-stream@1.0.8": {
      "integrity": "sha512-FQN4MRfuJeHf7cBbBMJFXhKSDq+2kAArBlmRBvcvFE5BB1HZKXtSFASDhdlz9zOYwxh8lDdnvmMOe/+5cdoEdg==",
      "dependencies": [
        "delayed-stream"
      ]
    },
    "commander@14.0.3": {
      "integrity": "sha512-H+y0Jo/T1RZ9qPP4Eh1pkcQcLRglraJaSLoyOtHxu6AapkjWVCy2Sit1QQ4x3Dng8qDlSsZEet7g5Pq06MvTgw=="
    },
    "debug@4.4.3": {
      "integrity": "sha512-RGwwWnwQvkVfavKVt22FGLw+xYSdzARwm0ru6DhTVA3umU5hZc28V3kO4stgYryrTlLpuvgI9GiijltAjNbcqA==",
      "dependencies": [
        "ms"
      ]
    },
    "delayed-stream@1.0.0": {
      "integrity": "sha512-ZySD7Nf91aLB0RxL4KGrKHBXl7Eds1DAmEdcoVawXnLD7SDhpNgtuII2aAkg7a7QS41jxPSZ17p4VdGnMHk3MQ=="
    },
    "dunder-proto@1.0.1": {
      "integrity": "sha512-KIN/nDJBQRcXw0MLVhZE9iQHmG68qAVIBg9CqmUYjmQIhgij9U5MFvrqkUL5FbtyyzZuOeOt0zdeRe4UY7ct+A==",
      "dependencies": [
        "call-bind-apply-helpers",
        "es-errors",
        "gopd"
      ]
    },
    "es-define-property@1.0.1": {
      "integrity": "sha512-e3nRfgfUZ4rNGL232gUgX06QNyyez04KdjFrF+LTRoOXmrOgFKDg4BCdsjW8EnT69eqdYGmRpJwiPVYNrCaW3g=="
    },
    "es-errors@1.3.0": {
      "integrity": "sha512-Zf5H2Kxt2xjTvbJvP2ZWLEICxA6j+hAmMzIlypy4xcBg1vKVnx89Wy0GbS+kf5cwCVFFzdCFh2XSCFNULS6csw=="
    },
    "es-object-atoms@1.1.2": {
      "integrity": "sha512-HWcBoN6NileqtSydK2FqHbS/LoDd2pqrnQHLyJzBj4kOp/ky2MWMN694xOfkK8/SnUsW2DH7EfyVlydKCsm1Zw==",
      "dependencies": [
        "es-errors"
      ]
    },
    "es-set-tostringtag@2.1.0": {
      "integrity": "sha512-j6vWzfrGVfyXxge+O0x5sh6cvxAog0a/4Rdd2K36zCMV5eJ+/+tOAngRO8cODMNWbVRdVlmGZQL2YS3yR8bIUA==",
      "dependencies": [
        "es-errors",
        "get-intrinsic",
        "has-tostringtag",
        "hasown"
      ]
    },
    "eventsource-parser@3.1.1": {
      "integrity": "sha512-EKN1vKAMcZ8MlYMpaNuxN6R9yakzH6uajHcHVTqWJzvu5pWw9DyhbP35HH8MVBQ+dZjAfDxk+A8NiR9KWaXiyQ=="
    },
    "eventsource@4.1.1": {
      "integrity": "sha512-D6bTRWh6KahHTK/m4WnjPQyEinNPf9eFLEZSEoj7d6fTibspnAVYfzHvirL7u/aoX5d9YYfIkBVAhmigUELk9w==",
      "dependencies": [
        "eventsource-parser"
      ]
    },
    "feaxios@0.0.23": {
      "integrity": "sha512-eghR0A21fvbkcQBgZuMfQhrXxJzC0GNUGC9fXhBge33D+mFDTwl0aJ35zoQQn575BhyjQitRc5N4f+L4cP708g==",
      "dependencies": [
        "is-retry-allowed"
      ]
    },
    "follow-redirects@1.16.1": {
      "integrity": "sha512-FNvFGzoMLWmE6Yj9spb/zjd7yiNCHiAW9/Tg9CXrQ8wuu32HtlJOwWO11OJafl5FfY3DxTdQ0vj42zU1kvv5jg=="
    },
    "form-data@4.0.6": {
      "integrity": "sha512-vKatAh4SlVfgbv+YtmhiRjhEMJsYpsG1Y2rMQtR+SVSbytsSD1YGzDIcrAJmdFec88u/+VoGmxnl+80gL1tRCQ==",
      "dependencies": [
        "asynckit",
        "combined-stream",
        "es-set-tostringtag",
        "hasown",
        "mime-types"
      ]
    },
    "function-bind@1.1.2": {
      "integrity": "sha512-7XHNxH7qX9xG5mIwxkhumTox/MIRNcOgDrxWsMt2pAr23WHp6MrRlN7FBSFpCpr+oVO0F744iUgR82nJMfG2SA=="
    },
    "get-intrinsic@1.3.0": {
      "integrity": "sha512-9fSjSaos/fRIVIp+xSJlE6lfwhES7LNtKaCBIamHsjr2na1BiABJPo0mOjjz8GJDURarmCPGqaiVg5mfjb98CQ==",
      "dependencies": [
        "call-bind-apply-helpers",
        "es-define-property",
        "es-errors",
        "es-object-atoms",
        "function-bind",
        "get-proto",
        "gopd",
        "has-symbols",
        "hasown",
        "math-intrinsics"
      ]
    },
    "get-proto@1.0.1": {
      "integrity": "sha512-sTSfBjoXBp89JvIKIefqw7U2CCebsc74kiY6awiGogKtoSGbgjYE/G/+l9sF3MWFPNc9IcoOC4ODfKHfxFmp0g==",
      "dependencies": [
        "dunder-proto",
        "es-object-atoms"
      ]
    },
    "gopd@1.2.0": {
      "integrity": "sha512-ZUKRh6/kUFoAiTAtTYPZJ3hw9wNxx+BIBOijnlG9PnrJsCcSjs1wyyD6vJpaYtgnzDrKYRSqf3OO6Rfa93xsRg=="
    },
    "has-symbols@1.1.0": {
      "integrity": "sha512-1cDNdwJ2Jaohmb3sg4OmKaMBwuC48sYni5HUw2DvsC8LjGTLK9h+eb1X6RyuOHe4hT0ULCW68iomhjUoKUqlPQ=="
    },
    "has-tostringtag@1.0.2": {
      "integrity": "sha512-NqADB8VjPFLM2V0VvHUewwwsw0ZWBaIdgo+ieHtK3hasLz4qeCRjYcqfB6AQrBggRKppKF8L52/VqdVsO47Dlw==",
      "dependencies": [
        "has-symbols"
      ]
    },
    "hasown@2.0.4": {
      "integrity": "sha512-T2UbfbBEF32wiepXIsMlTW9+dDYC6wMh/t/vYA4tuOMKqWz/n3vr1NFSxQiyP+zk2mXsoMA/i/7qV6LKut1t1A==",
      "dependencies": [
        "function-bind"
      ]
    },
    "https-proxy-agent@5.0.1": {
      "integrity": "sha512-dFcAjpTQFgoLMzC2VwU+C/CbS7uRL0lWmxDITmqm7C+7F0Odmj6s9l6alZc6AELXhrnggM2CeWSXHGOdX2YtwA==",
      "dependencies": [
        "agent-base",
        "debug"
      ]
    },
    "is-retry-allowed@3.0.0": {
      "integrity": "sha512-9xH0xvoggby+u0uGF7cZXdrutWiBiaFG8ZT4YFPXL8NzkyAwX3AKGLeFQLvzDpM430+nDFBZ1LHkie/8ocL06A=="
    },
    "math-intrinsics@1.1.0": {
      "integrity": "sha512-/IXtbwEk5HTPyEwyKX6hGkYXxM9nbj64B+ilVJnC/R6B0pH5G4V3b0pVbL7DBj4tkhBAppbQUlf6F6Xl9LHu1g=="
    },
    "mime-db@1.52.0": {
      "integrity": "sha512-sPU4uV7dYlvtWJxwwxHD0PuihVNiE7TyAbQ5SWxDCB9mUYvOgroQOwYQQOKPJ8CIbE+1ETVlOoK1UC2nU3gYvg=="
    },
    "mime-types@2.1.35": {
      "integrity": "sha512-ZDY+bPm5zTTF+YpCrAU9nK0UgICYPT0QtT1NZWFv4s++TNkcgVaT0g6+4R2uI4MjQjzysHB1zxuWL50hzaeXiw==",
      "dependencies": [
        "mime-db"
      ]
    },
    "ms@2.1.3": {
      "integrity": "sha512-6FlzubTLZG3J2a/NVCAleEhjzq5oxgHyaCU9yYXvcLsvoVaHJq/s5xXI6/XXP6tz7R9xAOtHnSO/tXtF3WRTlA=="
    },
    "proxy-from-env@2.1.0": {
      "integrity": "sha512-cJ+oHTW1VAEa8cJslgmUZrc+sjRKgAKl3Zyse6+PV38hZe/V6Z14TbCuXcan9F9ghlz4QrFr2c92TNF82UkYHA=="
    },
    "smol-toml@1.9.0": {
      "integrity": "sha512-hpd+HLON7HdZXqYchMM/+LaTTbdK0AU3NngIJ4KVyWbY9bfQqdL9cD+4yf6dUoU2Ap4VsU0JkQi6FxAI1B2mXQ=="
    },
    "uint8array-extras@1.6.0": {
      "integrity": "sha512-8iAasVS4wUx0gPLjH8Xtz2PeDzTSiy8QiLGu2DT3X5GU+egFEQhpnbtkehbAwjvDcxIERmCYcysiODFmE3Ud0Q=="
    },
    "wretch@3.0.8": {
      "integrity": "sha512-HDDFvyELFUVZFiw4hb/QfMkuh+xwHwJoRjCCTDO+E9ik3TrRJSVI7MmzSKQemimeDH9EwIRmQuh4HTgEcVcYVw=="
    }
  },
  "workspace": {
    "dependencies": [
      "jsr:@deno/dnt@0.42.3",
      "jsr:@std/assert@1.0.19",
      "jsr:@std/encoding@1.0.11",
      "jsr:@std/testing@1.0.19",
      "jsr:@valibot/valibot@1.4.1",
      "npm:@stellar/stellar-sdk@17",
      "npm:wretch@3.0.8"
    ]
  }
}
